github.com/apparentlymart/go-cidr v0.0.0-20170616213631-2bd8b58cf427 h1:2P/DTyNDU+7qJOB6E5KeIpdc3qcT9IYjyA8hZ9HGz50=
github.com/apparentlymart/go-cidr v0.0.0-20170616213631-2bd8b58cf427/go.mod h1:EBcsNrHc3zQeuaeCeCtQruQm+n9/YjEn/vI25Lg7Gwc=
github.com/aws/aws-sdk-go v0.0.0-20170816181422-2063d937ea69 h1:MceT4hhR4CvuDlRgpnU2tcc5J76Fdghe79HgTF2reHw=
github.com/aws/aws-sdk-go v0.0.0-20170816181422-2063d937ea69/go.mod h1:ZRmQr0FajVIyZ4ZzBYKG5P3ZqPz9IHG41ZoMu1ADI3k=
github.com/bgentry/go-netrc v0.0.0-20140422174119-9fd32a8b3d3d h1:xDfNPAt8lFiC1UJrqV3uuy861HCTo708pDMbjHHdCas=
github.com/bgentry/go-netrc v0.0.0-20140422174119-9fd32a8b3d3d/go.mod h1:6QX/PXZ00z/TKoufEY6K/a0k6AhaJrQKdFe6OfVXsa4=
github.com/blang/semver v3.5.1+incompatible h1:cQNTCjp13qL8KC3Nbxr/y2Bqb63oX6wdnnjpJbkM4JQ=
github.com/blang/semver v3.5.1+incompatible/go.mod h1:kRBLl5iJ+tD4TcOOxsy/0fnwebNt5EWlYSAyrTnjyyk=
github.com/davecgh/go-spew v0.0.0-20170711183451-adab96458c51/go.mod h1:J7Y8YcW2NihsgmVo/mv3lAwl/skON4iLHjSsI+c5H38=
github.com/fanatic/go-infoblox v0.0.0-20180414184906-ece4e23a370d h1:2OxqgZI209NtObFVpzMqJvgor1NPRZLqSexx3TFlob0=
github.com/fanatic/go-infoblox v0.0.0-20180414184906-ece4e23a370d/go.mod h1:EgvM7/hrYP+/aIzbOP4MBZuI/CS5OkqHuCZqvGsmMGI=
github.com/go-ini/ini v0.0.0-20170813052230-c787282c39ac h1:elGsdnnDSIyzuQPuCOULChCGUKGy7yt1qeq+8JBy4KA=
github.com/go-ini/ini v0.0.0-20170813052230-c787282c39ac/go.mod h1:ByCAeIL28uOIIG0E3PJtZPDL8WnHpFKFOtgjp+3Ies8=
github.com/golang/protobuf v0.0.0-20170816001514-ab9f9a6dab16 h1:aJ1UpMAmhmRgprioyAmDMEDe5cVKlbWs3HDUZw9rT4E=
github.com/golang/protobuf v0.0.0-20170816001514-ab9f9a6dab16/go.mod h1:6lQm79b+lXiMfvg/cZm0SGofjICqVBUtrP5yJMmIC1U=
github.com/hashicorp/errwrap v0.0.0-20141028054710-7554cd9344ce h1:prjrVgOk2Yg6w+PflHoszQNLTUh4kaByUcEWM/9uin4=
github.com/hashicorp/errwrap v0.0.0-20141028054710-7554cd9344ce/go.mod h1:YH+1FKiLXxHSkmPseP+kNlulaMuP3n2brvKWEqk/Jc4=
github.com/hashicorp/go-cleanhttp v0.5.1 h1:dH3aiDG9Jvb5r5+bYHsikaOUIpcM0xvgMXVoDkXMzJM=
github.com/hashicorp/go-cleanhttp v0.5.1/go.mod h1:JpRdi6/HCYpAwUzNwuwqhbovhLtngrth3wmdIIUrZ80=
github.com/hashicorp/go-getter v0.0.0-20170713012301-6aae8e4e2dee h1:wPRy9xAWPNRpe3aqTH6NSf7334/vITRItGv0gPZw72Y=
github.com/hashicorp/go-getter v0.0.0-20170713012301-6aae8e4e2dee/go.mod h1:6rdJFnhkXnzGOJbvkrdv4t9nLwKcVA+tmbQeUlkIzrU=
github.com/hashicorp/go-hclog v0.0.0-20170716174523-b4e5765d1e5f h1:5onjUM14Pu2IrXp+iFQJYxswZoCn8PmSvVQ6IOic8uE=
github.com/hashicorp/go-hclog v0.0.0-20170716174523-b4e5765d1e5f/go.mod h1:9bjs9uLqI8l75knNv3lV1kA55veR+WUPSiKIWcQHudI=
github.com/hashicorp/go-multierror v0.0.0-20170622060955-83588e72410a h1:RUacJnONqfKgDeok3I3IqMa8e5+B3qzBIbNK4dZK65k=
github.com/hashicorp/go-multierror v0.0.0-20170622060955-83588e72410a/go.mod h1:JMRHfdO9jKNzS/+BTlxCjKNQHg/jZAft8U7LloJvN7I=
github.com/hashicorp/go-plugin v0.0.0-20170816151819-a5174f84d7f8 h1:1M/vS848XLVjNyE7waQYdRErztf5MU33jo5IPBfzLag=
github.com/hashicorp/go-plugin v0.0.0-20170816151819-a5174f84d7f8/go.mod h1:JSqWYsict+jzcj0+xElxyrBQRPNoiWQuddnxArJ7XHQ=
github.com/hashicorp/go-uuid v0.0.0-20160717022140-64130c7a86d7 h1:w8czuEDeFZo7CdZ2APLO24tTbjzO4cNXTfCkBdtU+wg=
github.com/hashicorp/go-uuid v0.0.0-20160717022140-64130c7a86d7/go.mod h1:6SBZvOh/SIDV7/2o3Jml5SYk/TvGqwFJ/bN7x4byOro=
github.com/hashicorp/go-version v0.0.0-20170202080759-03c5bf6be031 h1:c3Xdf5fTpk+hqhxqCO+ymqjfUXV9+GZqNgTtlnVzDos=
github.com/hashicorp/go-version v0.0.0-20170202080759-03c5bf6be031/go.mod h1:fltr4n8CU8Ke44wwGCBoEymUuxUHl09ZGVZPK5anwXA=
github.com/hashicorp/hcl v0.0.0-20170509225359-392dba7d905e h1:KJWs1uTCkN3E/J5ofCH9Pf8KKsibTFc3fv0CA9+WsVo=
github.com/hashicorp/hcl v0.0.0-20170509225359-392dba7d905e/go.mod h1:oZtUIOe8dh44I2q6ScRibXws4Ajl+d+nod3AaR9vL5w=
github.com/hashicorp/hil v0.0.0-20170627220502-fa9f258a9250 h1:fooK5IvDL/KIsi4LxF/JH68nVdrBSiGNPhS2JAQjtjo=
github.com/hashicorp/hil v0.0.0-20170627220502-fa9f258a9250/go.mod h1:KHvg/R2/dPtaePb16oW4qIyzkMxXOL38xjRN64adsts=
github.com/hashicorp/logutils v0.0.0-20150609070431-0dc08b1671f3/go.mod h1:QIAnNjmIWmVIIkWDTG1z5v++HQmx9WQRO+LraFDTW64=
github.com/hashicorp/terraform v0.10.0 h1:qDay454qAPcAThGMoWfO7snCwbtsr6O2DwJiFqfbMSM=
github.com/hashicorp/terraform v0.10.0/go.mod h1:uN1KUiT7Wdg61fPwsGXQwK3c8PmpIVZrt5Vcb1VrSoM=
github.com/hashicorp/yamux v0.0.0-20160720233140-d1caa6c97c9f h1:K4RDeor/qhbs5ETM85SN8xekXkk+KkOBclNXXM8+UR0=
github.com/hashicorp/yamux v0.0.0-20160720233140-d1caa6c97c9f/go.mod h1:+NfK9FKeTrX5uv1uIXGdwYDTeHna2qgaIlx54MXqjAM=
github.com/jmespath/go-jmespath v0.0.0-20160803190731-bd40a432e4c7 h1:SMvOWPJCES2GdFracYbBQh93GXac8fq7HeN6JnpduB8=
github.com/jmespath/go-jmespath v0.0.0-20160803190731-bd40a432e4c7/go.mod h1:Nht3zPeWKUH0NzdCt2Blrr5ys8VGpn0CEB0cQHVjt7k=
github.com/mitchellh/copystructure v0.0.0-20170525013902-d23ffcb85de3 h1:dECZqiJYhKdj9QlLpiQaRDXHDXRTdiyZI3owdDGhlYY=
github.com/mitchellh/copystructure v0.0.0-20170525013902-d23ffcb85de3/go.mod h1:eOsF2yLPlBBJPvD+nhl5QMTBSOBbOph6N7j/IDUw7PY=
github.com/mitchellh/go-homedir v0.0.0-20161203194507-b8bc1bf76747 h1:eQox4Rh4ewJF+mqYPxCkmBAirRnPaHEB26UkNuPyjlk=
github.com/mitchellh/go-homedir v0.0.0-20161203194507-b8bc1bf76747/go.mod h1:SfyaCUpYCn1Vlf4IUYiD9fPX4A5wJrkLzIz1N1q0pr0=
github.com/mitchellh/go-testing-interface v0.0.0-20170730050907-9a441910b168 h1:FW/lWFII8EehRx+hVNy5OkkIhWXz9NC69vO5Zr2RExY=
github.com/mitchellh/go-testing-interface v0.0.0-20170730050907-9a441910b168/go.mod h1:kRemZodwjscx+RGhAo8eIhFbs2+BFgRtFPeD/KE+zxI=
github.com/mitchellh/hashstructure v0.0.0-20170609045927-2bca23e0e452 h1:hOY53G+kBFhbYFpRVxHl5eS7laP6B1+Cq+Z9Dry1iMU=
github.com/mitchellh/hashstructure v0.0.0-20170609045927-2bca23e0e452/go.mod h1:QjSHrPWS+BGUVBYkbTZWEnOh3G1DutKwClXU/ABz6AQ=
github.com/mitchellh/mapstructure v0.0.0-20170523030023-d0303fe80992 h1:W7VHAEVflA5/eTyRvQ53Lz5j8bhRd1myHZlI/IZFvbU=
github.com/mitchellh/mapstructure v0.0.0-20170523030023-d0303fe80992/go.mod h1:FVVH3fgwuzCH5S8UJGiWEs2h04kUh9fWfEaFds41c1Y=
github.com/mitchellh/reflectwalk v0.0.0-20170726202117-63d60e9d0dbc h1:gqYjvctjtX4GHzgfutJxZpvZ7XhGwQLGR5BASwhpO2o=
github.com/mitchellh/reflectwalk v0.0.0-20170726202117-63d60e9d0dbc/go.mod h1:mSTlrgnPZtwu0c4WaC2kGObEpuNDbx0jmZXqmk4esnw=
github.com/prudhvitella/terraform-provider-infoblox v0.0.0-20181108110557-f0facf84e13d/go.mod h1:4okeUFgnTpEpe4+5vUtk1xmF+S708TOg1ISxl0TwMFg=
github.com/satori/go.uuid v0.0.0-20170321230731-5bf94b69c6b6 h1:7PFDlUz5/yGp8w21PuZGgEfN7ZF7OXvgAIDjwih82Gs=
github.com/satori/go.uuid v0.0.0-20170321230731-5bf94b69c6b6/go.mod h1:dA0hQrYB0VpLJoorglMZABFdXlWrHn1NEOzdhQKdks0=
github.com/ulikunitz/xz v0.5.4 h1:zATC2OoZ8H1TZll3FpbX+ikwmadbO699PE06cIkm9oU=
github.com/ulikunitz/xz v0.5.4/go.mod h1:2bypXElzHzzJZwzH67Y6wb67pO62Rzfn7BSiF4ABRW8=
golang.org/x/crypto v0.0.0-20170808112155-b176d7def5d7 h1:pTltqCK8DaN/bs+trgnSNPnBjRpKt+K5GyiIyUWyAw0=
golang.org/x/crypto v0.0.0-20170808112155-b176d7def5d7/go.mod h1:6SG95UA2DQfeDnfUPMdvaQW0Q7yPrPDi9nlGo2tz2b4=
golang.org/x/net v0.0.0-20170809000501-1c05540f6879 h1:0rFa7EaCGdQPmZVbo9F7MNF65b8dyzS6EUnXjs9Cllk=
golang.org/x/net v0.0.0-20170809000501-1c05540f6879/go.mod h1:mL1N/T3taQHkDXs73rZJwtUhF3w3ftmwwsq0BUmARs4=
golang.org/x/text v0.0.0-20170814122439-e56139fd9c5b h1:9VCMGrhGmWCfBKMKtwYJ46kFshzRNQ29xaLeEajknQw=
golang.org/x/text v0.0.0-20170814122439-e56139fd9c5b/go.mod h1:NqM8EUOU14njkJ3fqMW+pc6Ldnwhi/IjpwHt7yyuwOQ=
google.golang.org/genproto v0.0.0-20170815003206-6b7d9516179c h1:VS3HwLkbz4OhEHlAHaZG8HqYjJdncrsQGaZQ6Mf3Pk0=
google.golang.org/genproto v0.0.0-20170815003206-6b7d9516179c/go.mod h1:JiN7NxoALGmiZfu7CAH4rXhgtRTLTxftemlI0sWmxmc=
google.golang.org/grpc v0.0.0-20170815174505-bfaf0423469f h1:6h0iL/22TJd0fO54f/gmisKFASBL0NU4jTmK5HjN+4Y=
google.golang.org/grpc v0.0.0-20170815174505-bfaf0423469f/go.mod h1:yo6s7OP7yaDglbqo1J04qKzAhqBH6lvTonzMVmEdcZw=
